
Microsoft Visual Studio Solution File, Format Version 12.00
# Visual Studio Version 17
VisualStudioVersion = 17.0.31903.59
MinimumVisualStudioVersion = 10.0.40219.1
Project("{2150E333-8FDC-42A3-9474-1A3956D46DE8}") = "src", "src", "{34F977A4-AE92-4C6E-B52F-1112DF63CEB1}"
EndProject
Project("{FAE04EC0-301F-11D3-BF4B-00C04F79EFBC}") = "AuthService2021547.Application", "src\AuthService2021547.Application\AuthService2021547.Application.csproj", "{18D511E3-0A76-4D8C-9AAA-1CB6F31B1EAD}"
EndProject
Project("{FAE04EC0-301F-11D3-BF4B-00C04F79EFBC}") = "AuthService2021547.Domain", "src\AuthService2021547.Domain\AuthService2021547.Domain.csproj", "{94BD6F33-FFF7-4FC8-9257-9FD954A9BFD0}"
EndProject
Project("{FAE04EC0-301F-11D3-BF4B-00C04F79EFBC}") = "AuthService2021547.Persistence", "src\AuthService2021547.Persistence\AuthService2021547.Persistence.csproj", "{0D9CEC20-EAB0-4D6F-BEC3-E3FFF08189E9}"
EndProject
Global
	GlobalSection(SolutionConfigurationPlatforms) = preSolution
		Debug|Any CPU = Debug|Any CPU
		Release|Any CPU = Release|Any CPU
	EndGlobalSection
	GlobalSection(SolutionProperties) = preSolution
		HideSolutionNode = FALSE
	EndGlobalSection
	GlobalSection(ProjectConfigurationPlatforms) = postSolution
		{18D511E3-0A76-4D8C-9AAA-1CB6F31B1EAD}.Debug|Any CPU.ActiveCfg = Debug|Any CPU
		{18D511E3-0A76-4D8C-9AAA-1CB6F31B1EAD}.Debug|Any CPU.Build.0 = Debug|Any CPU
		{18D511E3-0A76-4D8C-9AAA-1CB6F31B1EAD}.Release|Any CPU.ActiveCfg = Release|Any CPU
		{18D511E3-0A76-4D8C-9AAA-1CB6F31B1EAD}.Release|Any CPU.Build.0 = Release|Any CPU
		{94BD6F33-FFF7-4FC8-9257-9FD954A9BFD0}.Debug|Any CPU.ActiveCfg = Debug|Any CPU
		{94BD6F33-FFF7-4FC8-9257-9FD954A9BFD0}.Debug|Any CPU.Build.0 = Debug|Any CPU
		{94BD6F33-FFF7-4FC8-9257-9FD954A9BFD0}.Release|Any CPU.ActiveCfg = Release|Any CPU
		{94BD6F33-FFF7-4FC8-9257-9FD954A9BFD0}.Release|Any CPU.Build.0 = Release|Any CPU
		{0D9CEC20-EAB0-4D6F-BEC3-E3FFF08189E9}.Debug|Any CPU.ActiveCfg = Debug|Any CPU
		{0D9CEC20-EAB0-4D6F-BEC3-E3FFF08189E9}.Debug|Any CPU.Build.0 = Debug|Any CPU
		{0D9CEC20-EAB0-4D6F-BEC3-E3FFF08189E9}.Release|Any CPU.ActiveCfg = Release|Any CPU
		{0D9CEC20-EAB0-4D6F-BEC3-E3FFF08189E9}.Release|Any CPU.Build.0 = Release|Any CPU
	EndGlobalSection
	GlobalSection(NestedProjects) = preSolution
		{18D511E3-0A76-4D8C-9AAA-1CB6F31B1EAD} = {34F977A4-AE92-4C6E-B52F-1112DF63CEB1}
		{94BD6F33-FFF7-4FC8-9257-9FD954A9BFD0} = {34F977A4-AE92-4C6E-B52F-1112DF63CEB1}
		{0D9CEC20-EAB0-4D6F-BEC3-E3FFF08189E9} = {34F977A4-AE92-4C6E-B52F-1112DF63CEB1}
	EndGlobalSection
EndGlobal
